
Microsoft Visual Studio Solution File, Format Version 12.00
# Visual Studio Version 16
VisualStudioVersion = 16.0.31515.178
MinimumVisualStudioVersion = 10.0.40219.1
Project("{FAE04EC0-301F-11D3-BF4B-00C04F79EFBC}") = "FinalProject2", "FinalProject2.csproj", "{AE4EFB28-357D-4001-B590-F34975FBBE34}"
EndProject
Global
	GlobalSection(SolutionConfigurationPlatforms) = preSolution
		Debug|Any CPU = Debug|Any CPU
		Release|Any CPU = Release|Any CPU
	EndGlobalSection
	GlobalSection(ProjectConfigurationPlatforms) = postSolution
		{AE4EFB28-357D-4001-B590-F34975FBBE34}.Debug|Any CPU.ActiveCfg = Debug|Any CPU
		{AE4EFB28-357D-4001-B590-F34975FBBE34}.Debug|Any CPU.Build.0 = Debug|Any CPU
		{AE4EFB28-357D-4001-B590-F34975FBBE34}.Release|Any CPU.ActiveCfg = Release|Any CPU
		{AE4EFB28-357D-4001-B590-F34975FBBE34}.Release|Any CPU.Build.0 = Release|Any CPU
	EndGlobalSection
	GlobalSection(SolutionProperties) = preSolution
		HideSolutionNode = FALSE
	EndGlobalSection
	GlobalSection(ExtensibilityGlobals) = postSolution
		SolutionGuid = {752BB64D-7D02-4B3B-A24F-4331479CB15C}
	EndGlobalSection
EndGlobal
